
Microsoft Visual Studio Solution File, Format Version 12.00
# Visual Studio Version 17
VisualStudioVersion = 17.3.32804.467
MinimumVisualStudioVersion = 10.0.40219.1
Project("{9A19103F-16F7-4668-BE54-9A1E7A4F7556}") = "VSDiTask.WebAPI", "VSDiTask.WebAPI\VSDiTask.WebAPI.csproj", "{C5C6D73C-AD61-4908-B154-47F0DB87DA4A}"
EndProject
Project("{9A19103F-16F7-4668-BE54-9A1E7A4F7556}") = "VSDiTask.Core", "VSDiTask.Data\VSDiTask.Core.csproj", "{F53518CF-6F31-46A3-9C5B-06CA87E3F745}"
EndProject
Project("{9A19103F-16F7-4668-BE54-9A1E7A4F7556}") = "VSDiTask.Common.Extensions", "VSdiTask.Common.Extensions\VSDiTask.Common.Extensions.csproj", "{982D73C8-F557-4710-8B32-72D4D27FC28C}"
EndProject
Project("{9A19103F-16F7-4668-BE54-9A1E7A4F7556}") = "VSDiTask.Departments", "VSDiTask.Services\VSDiTask.Departments.csproj", "{1471EB96-21A9-4151-90D6-1E04D16D992F}"
EndProject
Project("{2150E333-8FDC-42A3-9474-1A3956D46DE8}") = "Business", "Business", "{EAEF6D25-C8CC-4935-BF7A-1A5DAB3613A3}"
EndProject
Project("{9A19103F-16F7-4668-BE54-9A1E7A4F7556}") = "VSDiTask.Infrastructure", "VSDiTask.Infrastructure\VSDiTask.Infrastructure.csproj", "{4AF9E507-1EB7-4EAD-9BD3-C56AACE98443}"
EndProject
Project("{9A19103F-16F7-4668-BE54-9A1E7A4F7556}") = "VSDiTask.Users", "VSDiTask.Users\VSDiTask.Users.csproj", "{0CFC5CEB-DC5B-499C-A430-0B34B5AA8713}"
EndProject
Project("{9A19103F-16F7-4668-BE54-9A1E7A4F7556}") = "VSDiTask.Companies", "VSDiTask.Companies\VSDiTask.Companies.csproj", "{DC7FC523-1EBF-42B5-9315-A7900D0BF078}"
EndProject
Project("{9A19103F-16F7-4668-BE54-9A1E7A4F7556}") = "VSDiTask.iTask", "VSDiTask.iTask\VSDiTask.iTask.csproj", "{1538845E-AA93-4124-8762-0CAB748AB242}"
EndProject
Project("{9A19103F-16F7-4668-BE54-9A1E7A4F7556}") = "VSDiTask.Roles", "VSDiTask.Roles\VSDiTask.Roles.csproj", "{22336B02-2F1B-40B9-9267-9439C655939F}"
EndProject
Project("{FAE04EC0-301F-11D3-BF4B-00C04F79EFBC}") = "VSDiTask.Titles", "VSDiTask.Titles\VSDiTask.Titles.csproj", "{0BFF8349-38E3-4B53-AF8E-2B20A949ABEF}"
EndProject
Global
	GlobalSection(SolutionConfigurationPlatforms) = preSolution
		Debug|Any CPU = Debug|Any CPU
		Release|Any CPU = Release|Any CPU
	EndGlobalSection
	GlobalSection(ProjectConfigurationPlatforms) = postSolution
		{C5C6D73C-AD61-4908-B154-47F0DB87DA4A}.Debug|Any CPU.ActiveCfg = Debug|Any CPU
		{C5C6D73C-AD61-4908-B154-47F0DB87DA4A}.Debug|Any CPU.Build.0 = Debug|Any CPU
		{C5C6D73C-AD61-4908-B154-47F0DB87DA4A}.Release|Any CPU.ActiveCfg = Release|Any CPU
		{C5C6D73C-AD61-4908-B154-47F0DB87DA4A}.Release|Any CPU.Build.0 = Release|Any CPU
		{F53518CF-6F31-46A3-9C5B-06CA87E3F745}.Debug|Any CPU.ActiveCfg = Debug|Any CPU
		{F53518CF-6F31-46A3-9C5B-06CA87E3F745}.Debug|Any CPU.Build.0 = Debug|Any CPU
		{F53518CF-6F31-46A3-9C5B-06CA87E3F745}.Release|Any CPU.ActiveCfg = Release|Any CPU
		{F53518CF-6F31-46A3-9C5B-06CA87E3F745}.Release|Any CPU.Build.0 = Release|Any CPU
		{982D73C8-F557-4710-8B32-72D4D27FC28C}.Debug|Any CPU.ActiveCfg = Debug|Any CPU
		{982D73C8-F557-4710-8B32-72D4D27FC28C}.Debug|Any CPU.Build.0 = Debug|Any CPU
		{982D73C8-F557-4710-8B32-72D4D27FC28C}.Release|Any CPU.ActiveCfg = Release|Any CPU
		{982D73C8-F557-4710-8B32-72D4D27FC28C}.Release|Any CPU.Build.0 = Release|Any CPU
		{1471EB96-21A9-4151-90D6-1E04D16D992F}.Debug|Any CPU.ActiveCfg = Debug|Any CPU
		{1471EB96-21A9-4151-90D6-1E04D16D992F}.Debug|Any CPU.Build.0 = Debug|Any CPU
		{1471EB96-21A9-4151-90D6-1E04D16D992F}.Release|Any CPU.ActiveCfg = Release|Any CPU
		{1471EB96-21A9-4151-90D6-1E04D16D992F}.Release|Any CPU.Build.0 = Release|Any CPU
		{4AF9E507-1EB7-4EAD-9BD3-C56AACE98443}.Debug|Any CPU.ActiveCfg = Debug|Any CPU
		{4AF9E507-1EB7-4EAD-9BD3-C56AACE98443}.Debug|Any CPU.Build.0 = Debug|Any CPU
		{4AF9E507-1EB7-4EAD-9BD3-C56AACE98443}.Release|Any CPU.ActiveCfg = Release|Any CPU
		{4AF9E507-1EB7-4EAD-9BD3-C56AACE98443}.Release|Any CPU.Build.0 = Release|Any CPU
		{0CFC5CEB-DC5B-499C-A430-0B34B5AA8713}.Debug|Any CPU.ActiveCfg = Debug|Any CPU
		{0CFC5CEB-DC5B-499C-A430-0B34B5AA8713}.Debug|Any CPU.Build.0 = Debug|Any CPU
		{0CFC5CEB-DC5B-499C-A430-0B34B5AA8713}.Release|Any CPU.ActiveCfg = Release|Any CPU
		{0CFC5CEB-DC5B-499C-A430-0B34B5AA8713}.Release|Any CPU.Build.0 = Release|Any CPU
		{DC7FC523-1EBF-42B5-9315-A7900D0BF078}.Debug|Any CPU.ActiveCfg = Debug|Any CPU
		{DC7FC523-1EBF-42B5-9315-A7900D0BF078}.Debug|Any CPU.Build.0 = Debug|Any CPU
		{DC7FC523-1EBF-42B5-9315-A7900D0BF078}.Release|Any CPU.ActiveCfg = Release|Any CPU
		{DC7FC523-1EBF-42B5-9315-A7900D0BF078}.Release|Any CPU.Build.0 = Release|Any CPU
		{1538845E-AA93-4124-8762-0CAB748AB242}.Debug|Any CPU.ActiveCfg = Debug|Any CPU
		{1538845E-AA93-4124-8762-0CAB748AB242}.Debug|Any CPU.Build.0 = Debug|Any CPU
		{1538845E-AA93-4124-8762-0CAB748AB242}.Release|Any CPU.ActiveCfg = Release|Any CPU
		{1538845E-AA93-4124-8762-0CAB748AB242}.Release|Any CPU.Build.0 = Release|Any CPU
		{22336B02-2F1B-40B9-9267-9439C655939F}.Debug|Any CPU.ActiveCfg = Debug|Any CPU
		{22336B02-2F1B-40B9-9267-9439C655939F}.Debug|Any CPU.Build.0 = Debug|Any CPU
		{22336B02-2F1B-40B9-9267-9439C655939F}.Release|Any CPU.ActiveCfg = Release|Any CPU
		{22336B02-2F1B-40B9-9267-9439C655939F}.Release|Any CPU.Build.0 = Release|Any CPU
		{0BFF8349-38E3-4B53-AF8E-2B20A949ABEF}.Debug|Any CPU.ActiveCfg = Debug|Any CPU
		{0BFF8349-38E3-4B53-AF8E-2B20A949ABEF}.Debug|Any CPU.Build.0 = Debug|Any CPU
		{0BFF8349-38E3-4B53-AF8E-2B20A949ABEF}.Release|Any CPU.ActiveCfg = Release|Any CPU
		{0BFF8349-38E3-4B53-AF8E-2B20A949ABEF}.Release|Any CPU.Build.0 = Release|Any CPU
	EndGlobalSection
	GlobalSection(SolutionProperties) = preSolution
		HideSolutionNode = FALSE
	EndGlobalSection
	GlobalSection(NestedProjects) = preSolution
		{1471EB96-21A9-4151-90D6-1E04D16D992F} = {EAEF6D25-C8CC-4935-BF7A-1A5DAB3613A3}
		{0CFC5CEB-DC5B-499C-A430-0B34B5AA8713} = {EAEF6D25-C8CC-4935-BF7A-1A5DAB3613A3}
		{DC7FC523-1EBF-42B5-9315-A7900D0BF078} = {EAEF6D25-C8CC-4935-BF7A-1A5DAB3613A3}
		{1538845E-AA93-4124-8762-0CAB748AB242} = {EAEF6D25-C8CC-4935-BF7A-1A5DAB3613A3}
		{22336B02-2F1B-40B9-9267-9439C655939F} = {EAEF6D25-C8CC-4935-BF7A-1A5DAB3613A3}
		{0BFF8349-38E3-4B53-AF8E-2B20A949ABEF} = {EAEF6D25-C8CC-4935-BF7A-1A5DAB3613A3}
	EndGlobalSection
	GlobalSection(ExtensibilityGlobals) = postSolution
		SolutionGuid = {392B9BB6-79A5-4A29-A372-3E8BADD1B43B}
	EndGlobalSection
EndGlobal
